
Microsoft Visual Studio Solution File, Format Version 12.00
# Visual Studio Version 17
VisualStudioVersion = 17.0.31903.59
MinimumVisualStudioVersion = 10.0.40219.1
Project("{FAE04EC0-301F-11D3-BF4B-00C04F79EFBC}") = "AoC.2024.01.1", "AoC.2024.01.1\AoC.2024.01.1.csproj", "{28A222D4-796C-4301-B720-C7BB146E6499}"
EndProject
Project("{2150E333-8FDC-42A3-9474-1A3956D46DE8}") = "Solution Items", "Solution Items", "{E08EF5F0-ECC2-4B92-AD75-76D2351ECFBE}"
	ProjectSection(SolutionItems) = preProject
		..\.gitignore = ..\.gitignore
		..\Directory.Build.props = ..\Directory.Build.props
		..\README.md = ..\README.md
	EndProjectSection
EndProject
Project("{FAE04EC0-301F-11D3-BF4B-00C04F79EFBC}") = "AoC.2024.01.2", "AoC.2024.01.2\AoC.2024.01.2.csproj", "{C4C6A2AB-9E78-42A0-B956-72E849449B99}"
EndProject
Project("{FAE04EC0-301F-11D3-BF4B-00C04F79EFBC}") = "AoC.2024.02.1", "AoC.2024.02.1\AoC.2024.02.1.csproj", "{28E7FAAA-C313-4A87-81D5-BDE37F1E6C78}"
EndProject
Project("{FAE04EC0-301F-11D3-BF4B-00C04F79EFBC}") = "AoC.2024.02.2", "AoC.2024.02.2\AoC.2024.02.2.csproj", "{EFBF809F-65F3-4E67-9857-92C1CDF2B542}"
EndProject
Project("{FAE04EC0-301F-11D3-BF4B-00C04F79EFBC}") = "AoC.2024.03.1", "AoC.2024.03.1\AoC.2024.03.1.csproj", "{CCB6F06D-A3F8-4F54-98EA-B248C5612D47}"
EndProject
Project("{FAE04EC0-301F-11D3-BF4B-00C04F79EFBC}") = "AoC.2024.03.2", "AoC.2024.03.2\AoC.2024.03.2.csproj", "{C7A8CAA3-8B20-440F-8444-7ABB34E42253}"
EndProject
Project("{FAE04EC0-301F-11D3-BF4B-00C04F79EFBC}") = "AoC.2024.04.1", "AoC.2024.04.1\AoC.2024.04.1.csproj", "{FA69D9AC-E2D3-4F7E-8248-74C24B9B9C89}"
EndProject
Project("{FAE04EC0-301F-11D3-BF4B-00C04F79EFBC}") = "AoC.2024.04.2", "AoC.2024.04.2\AoC.2024.04.2.csproj", "{51ECF9E8-7972-4601-BF43-50174EAA6C23}"
EndProject
Project("{FAE04EC0-301F-11D3-BF4B-00C04F79EFBC}") = "AoC.2024.05.1", "AoC.2024.05.1\AoC.2024.05.1.csproj", "{E6DCAC4F-B916-459E-9334-7E1949791204}"
EndProject
Project("{FAE04EC0-301F-11D3-BF4B-00C04F79EFBC}") = "AoC.2024.05.2", "AoC.2024.05.2\AoC.2024.05.2.csproj", "{F7CE8A6D-824C-4F96-8C9E-94F6EFD898A6}"
EndProject
Project("{FAE04EC0-301F-11D3-BF4B-00C04F79EFBC}") = "AoC.2024.06.1", "AoC.2024.06.1\AoC.2024.06.1.csproj", "{715669CC-03B3-4F8F-A727-C4CABE1313B6}"
EndProject
Project("{FAE04EC0-301F-11D3-BF4B-00C04F79EFBC}") = "AoC.2024.06.2", "AoC.2024.06.2\AoC.2024.06.2.csproj", "{B3A9D5FE-B8B5-4770-BC42-5D6690154796}"
EndProject
Project("{FAE04EC0-301F-11D3-BF4B-00C04F79EFBC}") = "AoC.2024.07.1", "AoC.2024.07.1\AoC.2024.07.1.csproj", "{1ADA3AA8-1B3C-41A8-8319-6A35CF08CCCF}"
EndProject
Project("{FAE04EC0-301F-11D3-BF4B-00C04F79EFBC}") = "AoC.2024.07.2", "AoC.2024.07.2\AoC.2024.07.2.csproj", "{9FC6DD25-A950-4661-9554-CE49553127A4}"
EndProject
Project("{FAE04EC0-301F-11D3-BF4B-00C04F79EFBC}") = "AoC.2024.08.1", "AoC.2024.08.1\AoC.2024.08.1.csproj", "{FEE00FDE-E5D3-4043-A26E-DC115DF6A202}"
EndProject
Project("{FAE04EC0-301F-11D3-BF4B-00C04F79EFBC}") = "AoC.2024.08.2", "AoC.2024.08.2\AoC.2024.08.2.csproj", "{C54444A3-3451-494D-B7E8-66DD5325B370}"
EndProject
Project("{FAE04EC0-301F-11D3-BF4B-00C04F79EFBC}") = "AoC.2024.09.1", "AoC.2024.09.1\AoC.2024.09.1.csproj", "{65BFD045-9B53-441C-B59D-3BE001F18562}"
EndProject
Project("{FAE04EC0-301F-11D3-BF4B-00C04F79EFBC}") = "AoC.2024.09.2", "AoC.2024.09.2\AoC.2024.09.2.csproj", "{1F5793D3-97A1-4203-B2C9-4018F32F1206}"
EndProject
Project("{FAE04EC0-301F-11D3-BF4B-00C04F79EFBC}") = "AoC.2024.10.1", "AoC.2024.10.1\AoC.2024.10.1.csproj", "{099BF257-0754-46A2-9E3C-C3D49E0476FE}"
EndProject
Project("{FAE04EC0-301F-11D3-BF4B-00C04F79EFBC}") = "AoC.2024.10.2", "AoC.2024.10.2\AoC.2024.10.2.csproj", "{1BF6C389-5195-425F-9603-37AB2C9F46C2}"
EndProject
Project("{FAE04EC0-301F-11D3-BF4B-00C04F79EFBC}") = "AoC.2024.11.1", "AoC.2024.11.1\AoC.2024.11.1.csproj", "{B1B539EA-A27E-4858-998F-A9C13A41A78F}"
EndProject
Project("{FAE04EC0-301F-11D3-BF4B-00C04F79EFBC}") = "AoC.2024.11.2", "AoC.2024.11.2\AoC.2024.11.2.csproj", "{F032F9D0-73B9-4EAA-8CAE-E1075B0F341A}"
EndProject
Project("{FAE04EC0-301F-11D3-BF4B-00C04F79EFBC}") = "AoC.2024.12.1", "AoC.2024.12.1\AoC.2024.12.1.csproj", "{5932FEA2-B602-455F-A74F-3F198FD11CFD}"
EndProject
Project("{FAE04EC0-301F-11D3-BF4B-00C04F79EFBC}") = "AoC.2024.12.2", "AoC.2024.12.2\AoC.2024.12.2.csproj", "{B7E79231-8672-4D5A-BAFD-29DB59F1FF58}"
EndProject
Project("{FAE04EC0-301F-11D3-BF4B-00C04F79EFBC}") = "AoC.2024.13.1", "AoC.2024.13.1\AoC.2024.13.1.csproj", "{D09F60AE-861E-40A7-A227-78AA5AF11E51}"
EndProject
Project("{FAE04EC0-301F-11D3-BF4B-00C04F79EFBC}") = "AoC.2024.13.2", "AoC.2024.13.2\AoC.2024.13.2.csproj", "{3BC9DD97-D486-46ED-B9EE-1C5DE2C425DC}"
EndProject
Project("{FAE04EC0-301F-11D3-BF4B-00C04F79EFBC}") = "AoC.2024.14.1", "AoC.2024.14.1\AoC.2024.14.1.csproj", "{2F950BA7-1CBB-4C21-AE5E-1F511F25A3B6}"
EndProject
Project("{FAE04EC0-301F-11D3-BF4B-00C04F79EFBC}") = "AoC.2024.14.2", "AoC.2024.14.2\AoC.2024.14.2.csproj", "{7219EBE7-CB8F-496D-B21F-9B83FC8DD96C}"
EndProject
Project("{FAE04EC0-301F-11D3-BF4B-00C04F79EFBC}") = "AoC.2024.15.1", "AoC.2024.15.1\AoC.2024.15.1.csproj", "{D387A2F5-398A-4C3D-9C13-A98B28D39C36}"
EndProject
Project("{FAE04EC0-301F-11D3-BF4B-00C04F79EFBC}") = "AoC.2024.15.2", "AoC.2024.15.2\AoC.2024.15.2.csproj", "{A40DB3F9-15A4-4086-AED6-3D00E40955B3}"
EndProject
Project("{FAE04EC0-301F-11D3-BF4B-00C04F79EFBC}") = "AoC.2024.16.1", "AoC.2024.16.1\AoC.2024.16.1.csproj", "{019A2518-CE96-4B1F-A90A-50E94E6A8EBC}"
EndProject
Project("{FAE04EC0-301F-11D3-BF4B-00C04F79EFBC}") = "AoC.2024.16.2", "AoC.2024.16.2\AoC.2024.16.2.csproj", "{A40A7D85-7222-4481-A8B9-0839E3CFE567}"
EndProject
Project("{FAE04EC0-301F-11D3-BF4B-00C04F79EFBC}") = "AoC.2024.17.1", "AoC.2024.17.1\AoC.2024.17.1.csproj", "{A2E795C8-10BD-44B7-9763-DACA7127C7A6}"
EndProject
Project("{FAE04EC0-301F-11D3-BF4B-00C04F79EFBC}") = "AoC.2024.17.2", "AoC.2024.17.2\AoC.2024.17.2.csproj", "{B43695D7-D829-422E-B11F-9AC421E9A33F}"
EndProject
Project("{FAE04EC0-301F-11D3-BF4B-00C04F79EFBC}") = "AoC.2024.18.1", "AoC.2024.18.1\AoC.2024.18.1.csproj", "{F7863D5A-5906-43AC-9EDB-0300F99B8AD7}"
EndProject
Project("{FAE04EC0-301F-11D3-BF4B-00C04F79EFBC}") = "AoC.2024.18.2", "AoC.2024.18.2\AoC.2024.18.2.csproj", "{DD1DC17C-94C3-436F-999A-E4EE2BABF820}"
EndProject
Project("{FAE04EC0-301F-11D3-BF4B-00C04F79EFBC}") = "AoC.2024.19.1", "AoC.2024.19.1\AoC.2024.19.1.csproj", "{B456A729-42BE-493A-A53E-1DE07F9E3B5C}"
EndProject
Project("{FAE04EC0-301F-11D3-BF4B-00C04F79EFBC}") = "AoC.2024.19.2", "AoC.2024.19.2\AoC.2024.19.2.csproj", "{48370D2A-E6A8-4272-8FF6-91B20FEAB1F4}"
EndProject
Project("{FAE04EC0-301F-11D3-BF4B-00C04F79EFBC}") = "AoC.2024.20.1", "AoC.2024.20.1\AoC.2024.20.1.csproj", "{525958CE-142E-4527-A763-407DC9B25869}"
EndProject
Global
	GlobalSection(SolutionConfigurationPlatforms) = preSolution
		Debug|Any CPU = Debug|Any CPU
		Release|Any CPU = Release|Any CPU
	EndGlobalSection
	GlobalSection(ProjectConfigurationPlatforms) = postSolution
		{28A222D4-796C-4301-B720-C7BB146E6499}.Debug|Any CPU.ActiveCfg = Debug|Any CPU
		{28A222D4-796C-4301-B720-C7BB146E6499}.Debug|Any CPU.Build.0 = Debug|Any CPU
		{28A222D4-796C-4301-B720-C7BB146E6499}.Release|Any CPU.ActiveCfg = Release|Any CPU
		{28A222D4-796C-4301-B720-C7BB146E6499}.Release|Any CPU.Build.0 = Release|Any CPU
		{C4C6A2AB-9E78-42A0-B956-72E849449B99}.Debug|Any CPU.ActiveCfg = Debug|Any CPU
		{C4C6A2AB-9E78-42A0-B956-72E849449B99}.Debug|Any CPU.Build.0 = Debug|Any CPU
		{C4C6A2AB-9E78-42A0-B956-72E849449B99}.Release|Any CPU.ActiveCfg = Release|Any CPU
		{C4C6A2AB-9E78-42A0-B956-72E849449B99}.Release|Any CPU.Build.0 = Release|Any CPU
		{28E7FAAA-C313-4A87-81D5-BDE37F1E6C78}.Debug|Any CPU.ActiveCfg = Debug|Any CPU
		{28E7FAAA-C313-4A87-81D5-BDE37F1E6C78}.Debug|Any CPU.Build.0 = Debug|Any CPU
		{28E7FAAA-C313-4A87-81D5-BDE37F1E6C78}.Release|Any CPU.ActiveCfg = Release|Any CPU
		{28E7FAAA-C313-4A87-81D5-BDE37F1E6C78}.Release|Any CPU.Build.0 = Release|Any CPU
		{EFBF809F-65F3-4E67-9857-92C1CDF2B542}.Debug|Any CPU.ActiveCfg = Debug|Any CPU
		{EFBF809F-65F3-4E67-9857-92C1CDF2B542}.Debug|Any CPU.Build.0 = Debug|Any CPU
		{EFBF809F-65F3-4E67-9857-92C1CDF2B542}.Release|Any CPU.ActiveCfg = Release|Any CPU
		{EFBF809F-65F3-4E67-9857-92C1CDF2B542}.Release|Any CPU.Build.0 = Release|Any CPU
		{CCB6F06D-A3F8-4F54-98EA-B248C5612D47}.Debug|Any CPU.ActiveCfg = Debug|Any CPU
		{CCB6F06D-A3F8-4F54-98EA-B248C5612D47}.Debug|Any CPU.Build.0 = Debug|Any CPU
		{CCB6F06D-A3F8-4F54-98EA-B248C5612D47}.Release|Any CPU.ActiveCfg = Release|Any CPU
		{CCB6F06D-A3F8-4F54-98EA-B248C5612D47}.Release|Any CPU.Build.0 = Release|Any CPU
		{C7A8CAA3-8B20-440F-8444-7ABB34E42253}.Debug|Any CPU.ActiveCfg = Debug|Any CPU
		{C7A8CAA3-8B20-440F-8444-7ABB34E42253}.Debug|Any CPU.Build.0 = Debug|Any CPU
		{C7A8CAA3-8B20-440F-8444-7ABB34E42253}.Release|Any CPU.ActiveCfg = Release|Any CPU
		{C7A8CAA3-8B20-440F-8444-7ABB34E42253}.Release|Any CPU.Build.0 = Release|Any CPU
		{FA69D9AC-E2D3-4F7E-8248-74C24B9B9C89}.Debug|Any CPU.ActiveCfg = Debug|Any CPU
		{FA69D9AC-E2D3-4F7E-8248-74C24B9B9C89}.Debug|Any CPU.Build.0 = Debug|Any CPU
		{FA69D9AC-E2D3-4F7E-8248-74C24B9B9C89}.Release|Any CPU.ActiveCfg = Release|Any CPU
		{FA69D9AC-E2D3-4F7E-8248-74C24B9B9C89}.Release|Any CPU.Build.0 = Release|Any CPU
		{51ECF9E8-7972-4601-BF43-50174EAA6C23}.Debug|Any CPU.ActiveCfg = Debug|Any CPU
		{51ECF9E8-7972-4601-BF43-50174EAA6C23}.Debug|Any CPU.Build.0 = Debug|Any CPU
		{51ECF9E8-7972-4601-BF43-50174EAA6C23}.Release|Any CPU.ActiveCfg = Release|Any CPU
		{51ECF9E8-7972-4601-BF43-50174EAA6C23}.Release|Any CPU.Build.0 = Release|Any CPU
		{E6DCAC4F-B916-459E-9334-7E1949791204}.Debug|Any CPU.ActiveCfg = Debug|Any CPU
		{E6DCAC4F-B916-459E-9334-7E1949791204}.Debug|Any CPU.Build.0 = Debug|Any CPU
		{E6DCAC4F-B916-459E-9334-7E1949791204}.Release|Any CPU.ActiveCfg = Release|Any CPU
		{E6DCAC4F-B916-459E-9334-7E1949791204}.Release|Any CPU.Build.0 = Release|Any CPU
		{F7CE8A6D-824C-4F96-8C9E-94F6EFD898A6}.Debug|Any CPU.ActiveCfg = Debug|Any CPU
		{F7CE8A6D-824C-4F96-8C9E-94F6EFD898A6}.Debug|Any CPU.Build.0 = Debug|Any CPU
		{F7CE8A6D-824C-4F96-8C9E-94F6EFD898A6}.Release|Any CPU.ActiveCfg = Release|Any CPU
		{F7CE8A6D-824C-4F96-8C9E-94F6EFD898A6}.Release|Any CPU.Build.0 = Release|Any CPU
		{715669CC-03B3-4F8F-A727-C4CABE1313B6}.Debug|Any CPU.ActiveCfg = Debug|Any CPU
		{715669CC-03B3-4F8F-A727-C4CABE1313B6}.Debug|Any CPU.Build.0 = Debug|Any CPU
		{715669CC-03B3-4F8F-A727-C4CABE1313B6}.Release|Any CPU.ActiveCfg = Release|Any CPU
		{715669CC-03B3-4F8F-A727-C4CABE1313B6}.Release|Any CPU.Build.0 = Release|Any CPU
		{B3A9D5FE-B8B5-4770-BC42-5D6690154796}.Debug|Any CPU.ActiveCfg = Debug|Any CPU
		{B3A9D5FE-B8B5-4770-BC42-5D6690154796}.Debug|Any CPU.Build.0 = Debug|Any CPU
		{B3A9D5FE-B8B5-4770-BC42-5D6690154796}.Release|Any CPU.ActiveCfg = Release|Any CPU
		{B3A9D5FE-B8B5-4770-BC42-5D6690154796}.Release|Any CPU.Build.0 = Release|Any CPU
		{1ADA3AA8-1B3C-41A8-8319-6A35CF08CCCF}.Debug|Any CPU.ActiveCfg = Debug|Any CPU
		{1ADA3AA8-1B3C-41A8-8319-6A35CF08CCCF}.Debug|Any CPU.Build.0 = Debug|Any CPU
		{1ADA3AA8-1B3C-41A8-8319-6A35CF08CCCF}.Release|Any CPU.ActiveCfg = Release|Any CPU
		{1ADA3AA8-1B3C-41A8-8319-6A35CF08CCCF}.Release|Any CPU.Build.0 = Release|Any CPU
		{9FC6DD25-A950-4661-9554-CE49553127A4}.Debug|Any CPU.ActiveCfg = Debug|Any CPU
		{9FC6DD25-A950-4661-9554-CE49553127A4}.Debug|Any CPU.Build.0 = Debug|Any CPU
		{9FC6DD25-A950-4661-9554-CE49553127A4}.Release|Any CPU.ActiveCfg = Release|Any CPU
		{9FC6DD25-A950-4661-9554-CE49553127A4}.Release|Any CPU.Build.0 = Release|Any CPU
		{FEE00FDE-E5D3-4043-A26E-DC115DF6A202}.Debug|Any CPU.ActiveCfg = Debug|Any CPU
		{FEE00FDE-E5D3-4043-A26E-DC115DF6A202}.Debug|Any CPU.Build.0 = Debug|Any CPU
		{FEE00FDE-E5D3-4043-A26E-DC115DF6A202}.Release|Any CPU.ActiveCfg = Release|Any CPU
		{FEE00FDE-E5D3-4043-A26E-DC115DF6A202}.Release|Any CPU.Build.0 = Release|Any CPU
		{C54444A3-3451-494D-B7E8-66DD5325B370}.Debug|Any CPU.ActiveCfg = Debug|Any CPU
		{C54444A3-3451-494D-B7E8-66DD5325B370}.Debug|Any CPU.Build.0 = Debug|Any CPU
		{C54444A3-3451-494D-B7E8-66DD5325B370}.Release|Any CPU.ActiveCfg = Release|Any CPU
		{C54444A3-3451-494D-B7E8-66DD5325B370}.Release|Any CPU.Build.0 = Release|Any CPU
		{65BFD045-9B53-441C-B59D-3BE001F18562}.Debug|Any CPU.ActiveCfg = Debug|Any CPU
		{65BFD045-9B53-441C-B59D-3BE001F18562}.Debug|Any CPU.Build.0 = Debug|Any CPU
		{65BFD045-9B53-441C-B59D-3BE001F18562}.Release|Any CPU.ActiveCfg = Release|Any CPU
		{65BFD045-9B53-441C-B59D-3BE001F18562}.Release|Any CPU.Build.0 = Release|Any CPU
		{1F5793D3-97A1-4203-B2C9-4018F32F1206}.Debug|Any CPU.ActiveCfg = Debug|Any CPU
		{1F5793D3-97A1-4203-B2C9-4018F32F1206}.Debug|Any CPU.Build.0 = Debug|Any CPU
		{1F5793D3-97A1-4203-B2C9-4018F32F1206}.Release|Any CPU.ActiveCfg = Release|Any CPU
		{1F5793D3-97A1-4203-B2C9-4018F32F1206}.Release|Any CPU.Build.0 = Release|Any CPU
		{099BF257-0754-46A2-9E3C-C3D49E0476FE}.Debug|Any CPU.ActiveCfg = Debug|Any CPU
		{099BF257-0754-46A2-9E3C-C3D49E0476FE}.Debug|Any CPU.Build.0 = Debug|Any CPU
		{099BF257-0754-46A2-9E3C-C3D49E0476FE}.Release|Any CPU.ActiveCfg = Release|Any CPU
		{099BF257-0754-46A2-9E3C-C3D49E0476FE}.Release|Any CPU.Build.0 = Release|Any CPU
		{1BF6C389-5195-425F-9603-37AB2C9F46C2}.Debug|Any CPU.ActiveCfg = Debug|Any CPU
		{1BF6C389-5195-425F-9603-37AB2C9F46C2}.Debug|Any CPU.Build.0 = Debug|Any CPU
		{1BF6C389-5195-425F-9603-37AB2C9F46C2}.Release|Any CPU.ActiveCfg = Release|Any CPU
		{1BF6C389-5195-425F-9603-37AB2C9F46C2}.Release|Any CPU.Build.0 = Release|Any CPU
		{B1B539EA-A27E-4858-998F-A9C13A41A78F}.Debug|Any CPU.ActiveCfg = Debug|Any CPU
		{B1B539EA-A27E-4858-998F-A9C13A41A78F}.Debug|Any CPU.Build.0 = Debug|Any CPU
		{B1B539EA-A27E-4858-998F-A9C13A41A78F}.Release|Any CPU.ActiveCfg = Release|Any CPU
		{B1B539EA-A27E-4858-998F-A9C13A41A78F}.Release|Any CPU.Build.0 = Release|Any CPU
		{F032F9D0-73B9-4EAA-8CAE-E1075B0F341A}.Debug|Any CPU.ActiveCfg = Debug|Any CPU
		{F032F9D0-73B9-4EAA-8CAE-E1075B0F341A}.Debug|Any CPU.Build.0 = Debug|Any CPU
		{F032F9D0-73B9-4EAA-8CAE-E1075B0F341A}.Release|Any CPU.ActiveCfg = Release|Any CPU
		{F032F9D0-73B9-4EAA-8CAE-E1075B0F341A}.Release|Any CPU.Build.0 = Release|Any CPU
		{5932FEA2-B602-455F-A74F-3F198FD11CFD}.Debug|Any CPU.ActiveCfg = Debug|Any CPU
		{5932FEA2-B602-455F-A74F-3F198FD11CFD}.Debug|Any CPU.Build.0 = Debug|Any CPU
		{5932FEA2-B602-455F-A74F-3F198FD11CFD}.Release|Any CPU.ActiveCfg = Release|Any CPU
		{5932FEA2-B602-455F-A74F-3F198FD11CFD}.Release|Any CPU.Build.0 = Release|Any CPU
		{B7E79231-8672-4D5A-BAFD-29DB59F1FF58}.Debug|Any CPU.ActiveCfg = Debug|Any CPU
		{B7E79231-8672-4D5A-BAFD-29DB59F1FF58}.Debug|Any CPU.Build.0 = Debug|Any CPU
		{B7E79231-8672-4D5A-BAFD-29DB59F1FF58}.Release|Any CPU.ActiveCfg = Release|Any CPU
		{B7E79231-8672-4D5A-BAFD-29DB59F1FF58}.Release|Any CPU.Build.0 = Release|Any CPU
		{D09F60AE-861E-40A7-A227-78AA5AF11E51}.Debug|Any CPU.ActiveCfg = Debug|Any CPU
		{D09F60AE-861E-40A7-A227-78AA5AF11E51}.Debug|Any CPU.Build.0 = Debug|Any CPU
		{D09F60AE-861E-40A7-A227-78AA5AF11E51}.Release|Any CPU.ActiveCfg = Release|Any CPU
		{D09F60AE-861E-40A7-A227-78AA5AF11E51}.Release|Any CPU.Build.0 = Release|Any CPU
		{3BC9DD97-D486-46ED-B9EE-1C5DE2C425DC}.Debug|Any CPU.ActiveCfg = Debug|Any CPU
		{3BC9DD97-D486-46ED-B9EE-1C5DE2C425DC}.Debug|Any CPU.Build.0 = Debug|Any CPU
		{3BC9DD97-D486-46ED-B9EE-1C5DE2C425DC}.Release|Any CPU.ActiveCfg = Release|Any CPU
		{3BC9DD97-D486-46ED-B9EE-1C5DE2C425DC}.Release|Any CPU.Build.0 = Release|Any CPU
		{2F950BA7-1CBB-4C21-AE5E-1F511F25A3B6}.Debug|Any CPU.ActiveCfg = Debug|Any CPU
		{2F950BA7-1CBB-4C21-AE5E-1F511F25A3B6}.Debug|Any CPU.Build.0 = Debug|Any CPU
		{2F950BA7-1CBB-4C21-AE5E-1F511F25A3B6}.Release|Any CPU.ActiveCfg = Release|Any CPU
		{2F950BA7-1CBB-4C21-AE5E-1F511F25A3B6}.Release|Any CPU.Build.0 = Release|Any CPU
		{7219EBE7-CB8F-496D-B21F-9B83FC8DD96C}.Debug|Any CPU.ActiveCfg = Debug|Any CPU
		{7219EBE7-CB8F-496D-B21F-9B83FC8DD96C}.Debug|Any CPU.Build.0 = Debug|Any CPU
		{7219EBE7-CB8F-496D-B21F-9B83FC8DD96C}.Release|Any CPU.ActiveCfg = Release|Any CPU
		{7219EBE7-CB8F-496D-B21F-9B83FC8DD96C}.Release|Any CPU.Build.0 = Release|Any CPU
		{D387A2F5-398A-4C3D-9C13-A98B28D39C36}.Debug|Any CPU.ActiveCfg = Debug|Any CPU
		{D387A2F5-398A-4C3D-9C13-A98B28D39C36}.Debug|Any CPU.Build.0 = Debug|Any CPU
		{D387A2F5-398A-4C3D-9C13-A98B28D39C36}.Release|Any CPU.ActiveCfg = Release|Any CPU
		{D387A2F5-398A-4C3D-9C13-A98B28D39C36}.Release|Any CPU.Build.0 = Release|Any CPU
		{A40DB3F9-15A4-4086-AED6-3D00E40955B3}.Debug|Any CPU.ActiveCfg = Debug|Any CPU
		{A40DB3F9-15A4-4086-AED6-3D00E40955B3}.Debug|Any CPU.Build.0 = Debug|Any CPU
		{A40DB3F9-15A4-4086-AED6-3D00E40955B3}.Release|Any CPU.ActiveCfg = Release|Any CPU
		{A40DB3F9-15A4-4086-AED6-3D00E40955B3}.Release|Any CPU.Build.0 = Release|Any CPU
		{019A2518-CE96-4B1F-A90A-50E94E6A8EBC}.Debug|Any CPU.ActiveCfg = Debug|Any CPU
		{019A2518-CE96-4B1F-A90A-50E94E6A8EBC}.Debug|Any CPU.Build.0 = Debug|Any CPU
		{019A2518-CE96-4B1F-A90A-50E94E6A8EBC}.Release|Any CPU.ActiveCfg = Release|Any CPU
		{019A2518-CE96-4B1F-A90A-50E94E6A8EBC}.Release|Any CPU.Build.0 = Release|Any CPU
		{A40A7D85-7222-4481-A8B9-0839E3CFE567}.Debug|Any CPU.ActiveCfg = Debug|Any CPU
		{A40A7D85-7222-4481-A8B9-0839E3CFE567}.Debug|Any CPU.Build.0 = Debug|Any CPU
		{A40A7D85-7222-4481-A8B9-0839E3CFE567}.Release|Any CPU.ActiveCfg = Release|Any CPU
		{A40A7D85-7222-4481-A8B9-0839E3CFE567}.Release|Any CPU.Build.0 = Release|Any CPU
		{A2E795C8-10BD-44B7-9763-DACA7127C7A6}.Debug|Any CPU.ActiveCfg = Debug|Any CPU
		{A2E795C8-10BD-44B7-9763-DACA7127C7A6}.Debug|Any CPU.Build.0 = Debug|Any CPU
		{A2E795C8-10BD-44B7-9763-DACA7127C7A6}.Release|Any CPU.ActiveCfg = Release|Any CPU
		{A2E795C8-10BD-44B7-9763-DACA7127C7A6}.Release|Any CPU.Build.0 = Release|Any CPU
		{B43695D7-D829-422E-B11F-9AC421E9A33F}.Debug|Any CPU.ActiveCfg = Debug|Any CPU
		{B43695D7-D829-422E-B11F-9AC421E9A33F}.Debug|Any CPU.Build.0 = Debug|Any CPU
		{B43695D7-D829-422E-B11F-9AC421E9A33F}.Release|Any CPU.ActiveCfg = Release|Any CPU
		{B43695D7-D829-422E-B11F-9AC421E9A33F}.Release|Any CPU.Build.0 = Release|Any CPU
		{F7863D5A-5906-43AC-9EDB-0300F99B8AD7}.Debug|Any CPU.ActiveCfg = Debug|Any CPU
		{F7863D5A-5906-43AC-9EDB-0300F99B8AD7}.Debug|Any CPU.Build.0 = Debug|Any CPU
		{F7863D5A-5906-43AC-9EDB-0300F99B8AD7}.Release|Any CPU.ActiveCfg = Release|Any CPU
		{F7863D5A-5906-43AC-9EDB-0300F99B8AD7}.Release|Any CPU.Build.0 = Release|Any CPU
		{DD1DC17C-94C3-436F-999A-E4EE2BABF820}.Debug|Any CPU.ActiveCfg = Debug|Any CPU
		{DD1DC17C-94C3-436F-999A-E4EE2BABF820}.Debug|Any CPU.Build.0 = Debug|Any CPU
		{DD1DC17C-94C3-436F-999A-E4EE2BABF820}.Release|Any CPU.ActiveCfg = Release|Any CPU
		{DD1DC17C-94C3-436F-999A-E4EE2BABF820}.Release|Any CPU.Build.0 = Release|Any CPU
		{B456A729-42BE-493A-A53E-1DE07F9E3B5C}.Debug|Any CPU.ActiveCfg = Debug|Any CPU
		{B456A729-42BE-493A-A53E-1DE07F9E3B5C}.Debug|Any CPU.Build.0 = Debug|Any CPU
		{B456A729-42BE-493A-A53E-1DE07F9E3B5C}.Release|Any CPU.ActiveCfg = Release|Any CPU
		{B456A729-42BE-493A-A53E-1DE07F9E3B5C}.Release|Any CPU.Build.0 = Release|Any CPU
		{48370D2A-E6A8-4272-8FF6-91B20FEAB1F4}.Debug|Any CPU.ActiveCfg = Debug|Any CPU
		{48370D2A-E6A8-4272-8FF6-91B20FEAB1F4}.Debug|Any CPU.Build.0 = Debug|Any CPU
		{48370D2A-E6A8-4272-8FF6-91B20FEAB1F4}.Release|Any CPU.ActiveCfg = Release|Any CPU
		{48370D2A-E6A8-4272-8FF6-91B20FEAB1F4}.Release|Any CPU.Build.0 = Release|Any CPU
		{525958CE-142E-4527-A763-407DC9B25869}.Debug|Any CPU.ActiveCfg = Debug|Any CPU
		{525958CE-142E-4527-A763-407DC9B25869}.Debug|Any CPU.Build.0 = Debug|Any CPU
		{525958CE-142E-4527-A763-407DC9B25869}.Release|Any CPU.ActiveCfg = Release|Any CPU
		{525958CE-142E-4527-A763-407DC9B25869}.Release|Any CPU.Build.0 = Release|Any CPU
	EndGlobalSection
	GlobalSection(SolutionProperties) = preSolution
		HideSolutionNode = FALSE
	EndGlobalSection
EndGlobal
