
Microsoft Visual Studio Solution File, Format Version 12.00
# Visual Studio Version 17
VisualStudioVersion = 17.0.31903.59
MinimumVisualStudioVersion = 10.0.40219.1
Project("{FAE04EC0-301F-11D3-BF4B-00C04F79EFBC}") = "AoC.2022.01.1", "AoC.2022.01.1\AoC.2022.01.1.csproj", "{968F8116-009A-424A-8554-DE00D173903F}"
EndProject
Project("{2150E333-8FDC-42A3-9474-1A3956D46DE8}") = "Solution Items", "Solution Items", "{1DEF48B6-79FC-42BF-B001-FE88F6659B63}"
	ProjectSection(SolutionItems) = preProject
		..\.gitignore = ..\.gitignore
		..\Directory.Build.props = ..\Directory.Build.props
		..\README.md = ..\README.md
	EndProjectSection
EndProject
Project("{FAE04EC0-301F-11D3-BF4B-00C04F79EFBC}") = "AoC.2022.01.2", "AoC.2022.01.2\AoC.2022.01.2.csproj", "{4C5E219E-9393-4481-894E-7D0C68F7B224}"
EndProject
Project("{FAE04EC0-301F-11D3-BF4B-00C04F79EFBC}") = "AoC.2022.02.1", "AoC.2022.02.1\AoC.2022.02.1.csproj", "{14D14CA4-7F36-4D9C-9816-A7AF4464C456}"
EndProject
Project("{FAE04EC0-301F-11D3-BF4B-00C04F79EFBC}") = "AoC.2022.02.2", "AoC.2022.02.2\AoC.2022.02.2.csproj", "{360FD78B-9775-4483-ADDB-BC723F33B166}"
EndProject
Project("{FAE04EC0-301F-11D3-BF4B-00C04F79EFBC}") = "AoC.2022.03.1", "AoC.2022.03.1\AoC.2022.03.1.csproj", "{4C0743AB-C6B7-4508-B6F8-3C54A8C2AC7A}"
EndProject
Project("{FAE04EC0-301F-11D3-BF4B-00C04F79EFBC}") = "AoC.2022.03.2", "AoC.2022.03.2\AoC.2022.03.2.csproj", "{B6748CB7-EECE-44EB-BF5A-7DCA30408C91}"
EndProject
Project("{FAE04EC0-301F-11D3-BF4B-00C04F79EFBC}") = "AoC.2022.04.1", "AoC.2022.04.1\AoC.2022.04.1.csproj", "{748EA2CE-93AC-4A85-9916-CC3230B57A42}"
EndProject
Project("{FAE04EC0-301F-11D3-BF4B-00C04F79EFBC}") = "AoC.2022.04.2", "AoC.2022.04.2\AoC.2022.04.2.csproj", "{8EA5064D-BF9B-4106-B64E-A8F415F626C7}"
EndProject
Project("{FAE04EC0-301F-11D3-BF4B-00C04F79EFBC}") = "AoC.2022.05.1", "AoC.2022.05.1\AoC.2022.05.1.csproj", "{0330381A-B029-4714-9F0C-739ECD1F33CC}"
EndProject
Project("{FAE04EC0-301F-11D3-BF4B-00C04F79EFBC}") = "AoC.2022.05.2", "AoC.2022.05.2\AoC.2022.05.2.csproj", "{426E5C60-A3DE-427F-B09C-1771A05D2F6B}"
EndProject
Project("{FAE04EC0-301F-11D3-BF4B-00C04F79EFBC}") = "AoC.2022.06.1", "AoC.2022.06.1\AoC.2022.06.1.csproj", "{97BBFC2C-8013-41CA-B96A-CB7EBFFE76B5}"
EndProject
Project("{FAE04EC0-301F-11D3-BF4B-00C04F79EFBC}") = "AoC.2022.06.2", "AoC.2022.06.2\AoC.2022.06.2.csproj", "{DBFD2A96-4CFB-4CCF-BE24-50F6E97A64CA}"
EndProject
Project("{FAE04EC0-301F-11D3-BF4B-00C04F79EFBC}") = "AoC.2022.07.1", "AoC.2022.07.1\AoC.2022.07.1.csproj", "{47E50C4E-81B3-406A-890B-CC00884207AF}"
EndProject
Project("{FAE04EC0-301F-11D3-BF4B-00C04F79EFBC}") = "AoC.2022.07.2", "AoC.2022.07.2\AoC.2022.07.2.csproj", "{9DA6CF36-B055-4D42-AA21-9E516E67469D}"
EndProject
Project("{FAE04EC0-301F-11D3-BF4B-00C04F79EFBC}") = "AoC.2022.08.1", "AoC.2022.08.1\AoC.2022.08.1.csproj", "{047454D3-D624-4C9A-9B9F-AB6B10DD3C2E}"
EndProject
Project("{FAE04EC0-301F-11D3-BF4B-00C04F79EFBC}") = "AoC.2022.08.2", "AoC.2022.08.2\AoC.2022.08.2.csproj", "{DC7462C9-F600-4980-BF15-DA38A2FF520F}"
EndProject
Project("{FAE04EC0-301F-11D3-BF4B-00C04F79EFBC}") = "AoC.2022.09.1", "AoC.2022.09.1\AoC.2022.09.1.csproj", "{27C62243-D767-48FE-94E5-CDFF818F63B5}"
EndProject
Project("{FAE04EC0-301F-11D3-BF4B-00C04F79EFBC}") = "AoC.2022.09.2", "AoC.2022.09.2\AoC.2022.09.2.csproj", "{132AB8F2-2F4D-427D-BAD0-AE23C37B1606}"
EndProject
Project("{FAE04EC0-301F-11D3-BF4B-00C04F79EFBC}") = "AoC.2022.10.1", "AoC.2022.10.1\AoC.2022.10.1.csproj", "{A9EE396A-571F-4D33-A8B6-85B3BB0773CA}"
EndProject
Project("{FAE04EC0-301F-11D3-BF4B-00C04F79EFBC}") = "AoC.2022.10.2", "AoC.2022.10.2\AoC.2022.10.2.csproj", "{57AE7D55-7425-4022-80DA-01FE94B7AFEC}"
EndProject
Project("{FAE04EC0-301F-11D3-BF4B-00C04F79EFBC}") = "AoC.2022.11.1", "AoC.2022.11.1\AoC.2022.11.1.csproj", "{EF2B6405-8DAE-4CEB-995D-FBD58DF3D1D8}"
EndProject
Global
	GlobalSection(SolutionConfigurationPlatforms) = preSolution
		Debug|Any CPU = Debug|Any CPU
		Release|Any CPU = Release|Any CPU
	EndGlobalSection
	GlobalSection(ProjectConfigurationPlatforms) = postSolution
		{968F8116-009A-424A-8554-DE00D173903F}.Debug|Any CPU.ActiveCfg = Debug|Any CPU
		{968F8116-009A-424A-8554-DE00D173903F}.Debug|Any CPU.Build.0 = Debug|Any CPU
		{968F8116-009A-424A-8554-DE00D173903F}.Release|Any CPU.ActiveCfg = Release|Any CPU
		{968F8116-009A-424A-8554-DE00D173903F}.Release|Any CPU.Build.0 = Release|Any CPU
		{4C5E219E-9393-4481-894E-7D0C68F7B224}.Debug|Any CPU.ActiveCfg = Debug|Any CPU
		{4C5E219E-9393-4481-894E-7D0C68F7B224}.Debug|Any CPU.Build.0 = Debug|Any CPU
		{4C5E219E-9393-4481-894E-7D0C68F7B224}.Release|Any CPU.ActiveCfg = Release|Any CPU
		{4C5E219E-9393-4481-894E-7D0C68F7B224}.Release|Any CPU.Build.0 = Release|Any CPU
		{14D14CA4-7F36-4D9C-9816-A7AF4464C456}.Debug|Any CPU.ActiveCfg = Debug|Any CPU
		{14D14CA4-7F36-4D9C-9816-A7AF4464C456}.Debug|Any CPU.Build.0 = Debug|Any CPU
		{14D14CA4-7F36-4D9C-9816-A7AF4464C456}.Release|Any CPU.ActiveCfg = Release|Any CPU
		{14D14CA4-7F36-4D9C-9816-A7AF4464C456}.Release|Any CPU.Build.0 = Release|Any CPU
		{360FD78B-9775-4483-ADDB-BC723F33B166}.Debug|Any CPU.ActiveCfg = Debug|Any CPU
		{360FD78B-9775-4483-ADDB-BC723F33B166}.Debug|Any CPU.Build.0 = Debug|Any CPU
		{360FD78B-9775-4483-ADDB-BC723F33B166}.Release|Any CPU.ActiveCfg = Release|Any CPU
		{360FD78B-9775-4483-ADDB-BC723F33B166}.Release|Any CPU.Build.0 = Release|Any CPU
		{4C0743AB-C6B7-4508-B6F8-3C54A8C2AC7A}.Debug|Any CPU.ActiveCfg = Debug|Any CPU
		{4C0743AB-C6B7-4508-B6F8-3C54A8C2AC7A}.Debug|Any CPU.Build.0 = Debug|Any CPU
		{4C0743AB-C6B7-4508-B6F8-3C54A8C2AC7A}.Release|Any CPU.ActiveCfg = Release|Any CPU
		{4C0743AB-C6B7-4508-B6F8-3C54A8C2AC7A}.Release|Any CPU.Build.0 = Release|Any CPU
		{B6748CB7-EECE-44EB-BF5A-7DCA30408C91}.Debug|Any CPU.ActiveCfg = Debug|Any CPU
		{B6748CB7-EECE-44EB-BF5A-7DCA30408C91}.Debug|Any CPU.Build.0 = Debug|Any CPU
		{B6748CB7-EECE-44EB-BF5A-7DCA30408C91}.Release|Any CPU.ActiveCfg = Release|Any CPU
		{B6748CB7-EECE-44EB-BF5A-7DCA30408C91}.Release|Any CPU.Build.0 = Release|Any CPU
		{748EA2CE-93AC-4A85-9916-CC3230B57A42}.Debug|Any CPU.ActiveCfg = Debug|Any CPU
		{748EA2CE-93AC-4A85-9916-CC3230B57A42}.Debug|Any CPU.Build.0 = Debug|Any CPU
		{748EA2CE-93AC-4A85-9916-CC3230B57A42}.Release|Any CPU.ActiveCfg = Release|Any CPU
		{748EA2CE-93AC-4A85-9916-CC3230B57A42}.Release|Any CPU.Build.0 = Release|Any CPU
		{8EA5064D-BF9B-4106-B64E-A8F415F626C7}.Debug|Any CPU.ActiveCfg = Debug|Any CPU
		{8EA5064D-BF9B-4106-B64E-A8F415F626C7}.Debug|Any CPU.Build.0 = Debug|Any CPU
		{8EA5064D-BF9B-4106-B64E-A8F415F626C7}.Release|Any CPU.ActiveCfg = Release|Any CPU
		{8EA5064D-BF9B-4106-B64E-A8F415F626C7}.Release|Any CPU.Build.0 = Release|Any CPU
		{0330381A-B029-4714-9F0C-739ECD1F33CC}.Debug|Any CPU.ActiveCfg = Debug|Any CPU
		{0330381A-B029-4714-9F0C-739ECD1F33CC}.Debug|Any CPU.Build.0 = Debug|Any CPU
		{0330381A-B029-4714-9F0C-739ECD1F33CC}.Release|Any CPU.ActiveCfg = Release|Any CPU
		{0330381A-B029-4714-9F0C-739ECD1F33CC}.Release|Any CPU.Build.0 = Release|Any CPU
		{426E5C60-A3DE-427F-B09C-1771A05D2F6B}.Debug|Any CPU.ActiveCfg = Debug|Any CPU
		{426E5C60-A3DE-427F-B09C-1771A05D2F6B}.Debug|Any CPU.Build.0 = Debug|Any CPU
		{426E5C60-A3DE-427F-B09C-1771A05D2F6B}.Release|Any CPU.ActiveCfg = Release|Any CPU
		{426E5C60-A3DE-427F-B09C-1771A05D2F6B}.Release|Any CPU.Build.0 = Release|Any CPU
		{97BBFC2C-8013-41CA-B96A-CB7EBFFE76B5}.Debug|Any CPU.ActiveCfg = Debug|Any CPU
		{97BBFC2C-8013-41CA-B96A-CB7EBFFE76B5}.Debug|Any CPU.Build.0 = Debug|Any CPU
		{97BBFC2C-8013-41CA-B96A-CB7EBFFE76B5}.Release|Any CPU.ActiveCfg = Release|Any CPU
		{97BBFC2C-8013-41CA-B96A-CB7EBFFE76B5}.Release|Any CPU.Build.0 = Release|Any CPU
		{DBFD2A96-4CFB-4CCF-BE24-50F6E97A64CA}.Debug|Any CPU.ActiveCfg = Debug|Any CPU
		{DBFD2A96-4CFB-4CCF-BE24-50F6E97A64CA}.Debug|Any CPU.Build.0 = Debug|Any CPU
		{DBFD2A96-4CFB-4CCF-BE24-50F6E97A64CA}.Release|Any CPU.ActiveCfg = Release|Any CPU
		{DBFD2A96-4CFB-4CCF-BE24-50F6E97A64CA}.Release|Any CPU.Build.0 = Release|Any CPU
		{47E50C4E-81B3-406A-890B-CC00884207AF}.Debug|Any CPU.ActiveCfg = Debug|Any CPU
		{47E50C4E-81B3-406A-890B-CC00884207AF}.Debug|Any CPU.Build.0 = Debug|Any CPU
		{47E50C4E-81B3-406A-890B-CC00884207AF}.Release|Any CPU.ActiveCfg = Release|Any CPU
		{47E50C4E-81B3-406A-890B-CC00884207AF}.Release|Any CPU.Build.0 = Release|Any CPU
		{9DA6CF36-B055-4D42-AA21-9E516E67469D}.Debug|Any CPU.ActiveCfg = Debug|Any CPU
		{9DA6CF36-B055-4D42-AA21-9E516E67469D}.Debug|Any CPU.Build.0 = Debug|Any CPU
		{9DA6CF36-B055-4D42-AA21-9E516E67469D}.Release|Any CPU.ActiveCfg = Release|Any CPU
		{9DA6CF36-B055-4D42-AA21-9E516E67469D}.Release|Any CPU.Build.0 = Release|Any CPU
		{047454D3-D624-4C9A-9B9F-AB6B10DD3C2E}.Debug|Any CPU.ActiveCfg = Debug|Any CPU
		{047454D3-D624-4C9A-9B9F-AB6B10DD3C2E}.Debug|Any CPU.Build.0 = Debug|Any CPU
		{047454D3-D624-4C9A-9B9F-AB6B10DD3C2E}.Release|Any CPU.ActiveCfg = Release|Any CPU
		{047454D3-D624-4C9A-9B9F-AB6B10DD3C2E}.Release|Any CPU.Build.0 = Release|Any CPU
		{DC7462C9-F600-4980-BF15-DA38A2FF520F}.Debug|Any CPU.ActiveCfg = Debug|Any CPU
		{DC7462C9-F600-4980-BF15-DA38A2FF520F}.Debug|Any CPU.Build.0 = Debug|Any CPU
		{DC7462C9-F600-4980-BF15-DA38A2FF520F}.Release|Any CPU.ActiveCfg = Release|Any CPU
		{DC7462C9-F600-4980-BF15-DA38A2FF520F}.Release|Any CPU.Build.0 = Release|Any CPU
		{27C62243-D767-48FE-94E5-CDFF818F63B5}.Debug|Any CPU.ActiveCfg = Debug|Any CPU
		{27C62243-D767-48FE-94E5-CDFF818F63B5}.Debug|Any CPU.Build.0 = Debug|Any CPU
		{27C62243-D767-48FE-94E5-CDFF818F63B5}.Release|Any CPU.ActiveCfg = Release|Any CPU
		{27C62243-D767-48FE-94E5-CDFF818F63B5}.Release|Any CPU.Build.0 = Release|Any CPU
		{132AB8F2-2F4D-427D-BAD0-AE23C37B1606}.Debug|Any CPU.ActiveCfg = Debug|Any CPU
		{132AB8F2-2F4D-427D-BAD0-AE23C37B1606}.Debug|Any CPU.Build.0 = Debug|Any CPU
		{132AB8F2-2F4D-427D-BAD0-AE23C37B1606}.Release|Any CPU.ActiveCfg = Release|Any CPU
		{132AB8F2-2F4D-427D-BAD0-AE23C37B1606}.Release|Any CPU.Build.0 = Release|Any CPU
		{A9EE396A-571F-4D33-A8B6-85B3BB0773CA}.Debug|Any CPU.ActiveCfg = Debug|Any CPU
		{A9EE396A-571F-4D33-A8B6-85B3BB0773CA}.Debug|Any CPU.Build.0 = Debug|Any CPU
		{A9EE396A-571F-4D33-A8B6-85B3BB0773CA}.Release|Any CPU.ActiveCfg = Release|Any CPU
		{A9EE396A-571F-4D33-A8B6-85B3BB0773CA}.Release|Any CPU.Build.0 = Release|Any CPU
		{57AE7D55-7425-4022-80DA-01FE94B7AFEC}.Debug|Any CPU.ActiveCfg = Debug|Any CPU
		{57AE7D55-7425-4022-80DA-01FE94B7AFEC}.Debug|Any CPU.Build.0 = Debug|Any CPU
		{57AE7D55-7425-4022-80DA-01FE94B7AFEC}.Release|Any CPU.ActiveCfg = Release|Any CPU
		{57AE7D55-7425-4022-80DA-01FE94B7AFEC}.Release|Any CPU.Build.0 = Release|Any CPU
		{EF2B6405-8DAE-4CEB-995D-FBD58DF3D1D8}.Debug|Any CPU.ActiveCfg = Debug|Any CPU
		{EF2B6405-8DAE-4CEB-995D-FBD58DF3D1D8}.Debug|Any CPU.Build.0 = Debug|Any CPU
		{EF2B6405-8DAE-4CEB-995D-FBD58DF3D1D8}.Release|Any CPU.ActiveCfg = Release|Any CPU
		{EF2B6405-8DAE-4CEB-995D-FBD58DF3D1D8}.Release|Any CPU.Build.0 = Release|Any CPU
	EndGlobalSection
	GlobalSection(SolutionProperties) = preSolution
		HideSolutionNode = FALSE
	EndGlobalSection
EndGlobal
